
Microsoft Visual Studio Solution File, Format Version 12.00
# Visual Studio Version 17
VisualStudioVersion = 17.0.32014.148
MinimumVisualStudioVersion = 10.0.40219.1
Project("{FAE04EC0-301F-11D3-BF4B-00C04F79EFBC}") = "Halo Api Test Console", "Halo Api Test Console.csproj", "{D2750773-FDFC-4231-B7EE-9F0F35EDD030}"
EndProject
Global
	GlobalSection(SolutionConfigurationPlatforms) = preSolution
		Debug|Any CPU = Debug|Any CPU
		Release|Any CPU = Release|Any CPU
	EndGlobalSection
	GlobalSection(ProjectConfigurationPlatforms) = postSolution
		{D2750773-FDFC-4231-B7EE-9F0F35EDD030}.Debug|Any CPU.ActiveCfg = Debug|Any CPU
		{D2750773-FDFC-4231-B7EE-9F0F35EDD030}.Debug|Any CPU.Build.0 = Debug|Any CPU
		{D2750773-FDFC-4231-B7EE-9F0F35EDD030}.Release|Any CPU.ActiveCfg = Release|Any CPU
		{D2750773-FDFC-4231-B7EE-9F0F35EDD030}.Release|Any CPU.Build.0 = Release|Any CPU
	EndGlobalSection
	GlobalSection(SolutionProperties) = preSolution
		HideSolutionNode = FALSE
	EndGlobalSection
	GlobalSection(ExtensibilityGlobals) = postSolution
		SolutionGuid = {834A7087-656E-4C26-A01E-B0853A5A2414}
	EndGlobalSection
EndGlobal
